
Microsoft Visual Studio Solution File, Format Version 12.00
# Visual Studio Version 16
VisualStudioVersion = 16.0.32510.428
MinimumVisualStudioVersion = 10.0.40219.1
Project("{FAE04EC0-301F-11D3-BF4B-00C04F79EFBC}") = "WebAppAldingV2", "WebAppAldingV2\WebAppAldingV2.csproj", "{01095E82-31B3-4794-8BC9-C3872D30D93F}"
EndProject
Global
	GlobalSection(SolutionConfigurationPlatforms) = preSolution
		Debug|Any CPU = Debug|Any CPU
		Release|Any CPU = Release|Any CPU
	EndGlobalSection
	GlobalSection(ProjectConfigurationPlatforms) = postSolution
		{01095E82-31B3-4794-8BC9-C3872D30D93F}.Debug|Any CPU.ActiveCfg = Debug|Any CPU
		{01095E82-31B3-4794-8BC9-C3872D30D93F}.Debug|Any CPU.Build.0 = Debug|Any CPU
		{01095E82-31B3-4794-8BC9-C3872D30D93F}.Release|Any CPU.ActiveCfg = Release|Any CPU
		{01095E82-31B3-4794-8BC9-C3872D30D93F}.Release|Any CPU.Build.0 = Release|Any CPU
	EndGlobalSection
	GlobalSection(SolutionProperties) = preSolution
		HideSolutionNode = FALSE
	EndGlobalSection
	GlobalSection(ExtensibilityGlobals) = postSolution
		SolutionGuid = {A35FA1D3-3C3D-4ACA-B355-C6B01223A068}
	EndGlobalSection
EndGlobal
